
Microsoft Visual Studio Solution File, Format Version 12.00
# Visual Studio Version 17
VisualStudioVersion = 17.13.35931.197 d17.13
MinimumVisualStudioVersion = 10.0.40219.1
Project("{FAE04EC0-301F-11D3-BF4B-00C04F79EFBC}") = "WorderAPI", "WorderAPI\WorderAPI.csproj", "{B250F9E9-8A82-4FCF-9FB1-E03C8C1DED39}"
EndProject
Global
	GlobalSection(SolutionConfigurationPlatforms) = preSolution
		Debug|Any CPU = Debug|Any CPU
		Release|Any CPU = Release|Any CPU
	EndGlobalSection
	GlobalSection(ProjectConfigurationPlatforms) = postSolution
		{B250F9E9-8A82-4FCF-9FB1-E03C8C1DED39}.Debug|Any CPU.ActiveCfg = Debug|Any CPU
		{B250F9E9-8A82-4FCF-9FB1-E03C8C1DED39}.Debug|Any CPU.Build.0 = Debug|Any CPU
		{B250F9E9-8A82-4FCF-9FB1-E03C8C1DED39}.Release|Any CPU.ActiveCfg = Release|Any CPU
		{B250F9E9-8A82-4FCF-9FB1-E03C8C1DED39}.Release|Any CPU.Build.0 = Release|Any CPU
	EndGlobalSection
	GlobalSection(SolutionProperties) = preSolution
		HideSolutionNode = FALSE
	EndGlobalSection
	GlobalSection(ExtensibilityGlobals) = postSolution
		SolutionGuid = {9C8DDC75-EFE5-4FC8-B03C-E3BB605E482F}
	EndGlobalSection
EndGlobal
